
Microsoft Visual Studio Solution File, Format Version 12.00
# Visual Studio Version 17
VisualStudioVersion = 17.5.33414.496
MinimumVisualStudioVersion = 10.0.40219.1
Project("{9A19103F-16F7-4668-BE54-9A1E7A4F7556}") = "NarackaNaPica", "NarackaNaPica\NarackaNaPica.csproj", "{B227259C-FBC0-4421-AE9E-CDAF02176798}"
EndProject
Project("{9A19103F-16F7-4668-BE54-9A1E7A4F7556}") = "RezultatiKosarkaiFudbal", "RezultatiKosarkaiFudbal\RezultatiKosarkaiFudbal.csproj", "{AAEB4F99-9A85-4EE6-B64F-4BBC13924DEF}"
EndProject
Project("{9A19103F-16F7-4668-BE54-9A1E7A4F7556}") = "PotrosuvackaKosnicka", "PotrosuvackaKosnicka\PotrosuvackaKosnicka.csproj", "{EAB2238D-4DE0-4C22-A40A-ADFE1CF524C6}"
EndProject
Project("{9A19103F-16F7-4668-BE54-9A1E7A4F7556}") = "AirportsSystem", "AirportsSystem\AirportsSystem.csproj", "{208F7A29-A4D7-4D2F-9078-C43B9D2D6AC2}"
EndProject
Project("{FAE04EC0-301F-11D3-BF4B-00C04F79EFBC}") = "CashAccount", "CashAccount\CashAccount.csproj", "{53B68C45-0D5C-4BC6-8B84-C96C1024EC08}"
EndProject
Global
	GlobalSection(SolutionConfigurationPlatforms) = preSolution
		Debug|Any CPU = Debug|Any CPU
		Release|Any CPU = Release|Any CPU
	EndGlobalSection
	GlobalSection(ProjectConfigurationPlatforms) = postSolution
		{B227259C-FBC0-4421-AE9E-CDAF02176798}.Debug|Any CPU.ActiveCfg = Debug|Any CPU
		{B227259C-FBC0-4421-AE9E-CDAF02176798}.Debug|Any CPU.Build.0 = Debug|Any CPU
		{B227259C-FBC0-4421-AE9E-CDAF02176798}.Release|Any CPU.ActiveCfg = Release|Any CPU
		{B227259C-FBC0-4421-AE9E-CDAF02176798}.Release|Any CPU.Build.0 = Release|Any CPU
		{AAEB4F99-9A85-4EE6-B64F-4BBC13924DEF}.Debug|Any CPU.ActiveCfg = Debug|Any CPU
		{AAEB4F99-9A85-4EE6-B64F-4BBC13924DEF}.Debug|Any CPU.Build.0 = Debug|Any CPU
		{AAEB4F99-9A85-4EE6-B64F-4BBC13924DEF}.Release|Any CPU.ActiveCfg = Release|Any CPU
		{AAEB4F99-9A85-4EE6-B64F-4BBC13924DEF}.Release|Any CPU.Build.0 = Release|Any CPU
		{EAB2238D-4DE0-4C22-A40A-ADFE1CF524C6}.Debug|Any CPU.ActiveCfg = Debug|Any CPU
		{EAB2238D-4DE0-4C22-A40A-ADFE1CF524C6}.Debug|Any CPU.Build.0 = Debug|Any CPU
		{EAB2238D-4DE0-4C22-A40A-ADFE1CF524C6}.Release|Any CPU.ActiveCfg = Release|Any CPU
		{EAB2238D-4DE0-4C22-A40A-ADFE1CF524C6}.Release|Any CPU.Build.0 = Release|Any CPU
		{208F7A29-A4D7-4D2F-9078-C43B9D2D6AC2}.Debug|Any CPU.ActiveCfg = Debug|Any CPU
		{208F7A29-A4D7-4D2F-9078-C43B9D2D6AC2}.Debug|Any CPU.Build.0 = Debug|Any CPU
		{208F7A29-A4D7-4D2F-9078-C43B9D2D6AC2}.Release|Any CPU.ActiveCfg = Release|Any CPU
		{208F7A29-A4D7-4D2F-9078-C43B9D2D6AC2}.Release|Any CPU.Build.0 = Release|Any CPU
		{53B68C45-0D5C-4BC6-8B84-C96C1024EC08}.Debug|Any CPU.ActiveCfg = Debug|Any CPU
		{53B68C45-0D5C-4BC6-8B84-C96C1024EC08}.Debug|Any CPU.Build.0 = Debug|Any CPU
		{53B68C45-0D5C-4BC6-8B84-C96C1024EC08}.Release|Any CPU.ActiveCfg = Release|Any CPU
		{53B68C45-0D5C-4BC6-8B84-C96C1024EC08}.Release|Any CPU.Build.0 = Release|Any CPU
	EndGlobalSection
	GlobalSection(SolutionProperties) = preSolution
		HideSolutionNode = FALSE
	EndGlobalSection
	GlobalSection(ExtensibilityGlobals) = postSolution
		SolutionGuid = {896A2DD9-0DA5-4FE8-9256-AB316C8F5A27}
	EndGlobalSection
EndGlobal
